
Microsoft Visual Studio Solution File, Format Version 12.00
# Visual Studio 15
VisualStudioVersion = 15.0.28307.1259
MinimumVisualStudioVersion = 10.0.40219.1
Project("{FAE04EC0-301F-11D3-BF4B-00C04F79EFBC}") = "Blogging", "Blogging\Blogging.csproj", "{2CF45868-7A1B-486F-8E75-B1CF8B4775E6}"
EndProject
Project("{FAE04EC0-301F-11D3-BF4B-00C04F79EFBC}") = "Blogging.Tests", "Blogging.Tests\Blogging.Tests.csproj", "{79A7E48C-0E1D-4EF8-9D27-601B82B43212}"
EndProject
Global
	GlobalSection(SolutionConfigurationPlatforms) = preSolution
		Debug|Any CPU = Debug|Any CPU
		Release|Any CPU = Release|Any CPU
	EndGlobalSection
	GlobalSection(ProjectConfigurationPlatforms) = postSolution
		{2CF45868-7A1B-486F-8E75-B1CF8B4775E6}.Debug|Any CPU.ActiveCfg = Debug|Any CPU
		{2CF45868-7A1B-486F-8E75-B1CF8B4775E6}.Debug|Any CPU.Build.0 = Debug|Any CPU
		{2CF45868-7A1B-486F-8E75-B1CF8B4775E6}.Release|Any CPU.ActiveCfg = Release|Any CPU
		{2CF45868-7A1B-486F-8E75-B1CF8B4775E6}.Release|Any CPU.Build.0 = Release|Any CPU
		{79A7E48C-0E1D-4EF8-9D27-601B82B43212}.Debug|Any CPU.ActiveCfg = Debug|Any CPU
		{79A7E48C-0E1D-4EF8-9D27-601B82B43212}.Debug|Any CPU.Build.0 = Debug|Any CPU
		{79A7E48C-0E1D-4EF8-9D27-601B82B43212}.Release|Any CPU.ActiveCfg = Release|Any CPU
		{79A7E48C-0E1D-4EF8-9D27-601B82B43212}.Release|Any CPU.Build.0 = Release|Any CPU
	EndGlobalSection
	GlobalSection(SolutionProperties) = preSolution
		HideSolutionNode = FALSE
	EndGlobalSection
	GlobalSection(ExtensibilityGlobals) = postSolution
		SolutionGuid = {7700FA3D-9EB9-4CB1-9EB5-4971165EDBBD}
	EndGlobalSection
EndGlobal
